// !$*UTF8*$!
{
	archiveVersion = 1;
	classes = {
	};
	objectVersion = 46;
	objects = {

/* Begin PBXBuildFile section */
		0F3894BB1E78CF730007A4A3 /* AppDelegate.swift in Sources */ = {isa = PBXBuildFile; fileRef = 0F3894BA1E78CF730007A4A3 /* AppDelegate.swift */; };
		0F3894BD1E78CF730007A4A3 /* ViewController.swift in Sources */ = {isa = PBXBuildFile; fileRef = 0F3894BC1E78CF730007A4A3 /* ViewController.swift */; };
		0F3894C01E78CF730007A4A3 /* Main.storyboard in Resources */ = {isa = PBXBuildFile; fileRef = 0F3894BE1E78CF730007A4A3 /* Main.storyboard */; };
		0F3894C21E78CF730007A4A3 /* Assets.xcassets in Resources */ = {isa = PBXBuildFile; fileRef = 0F3894C11E78CF730007A4A3 /* Assets.xcassets */; };
		0F3894C51E78CF730007A4A3 /* LaunchScreen.storyboard in Resources */ = {isa = PBXBuildFile; fileRef = 0F3894C31E78CF730007A4A3 /* LaunchScreen.storyboard */; };
		0F3894D01E78CF730007A4A3 /* __GCDTests.swift in Sources */ = {isa = PBXBuildFile; fileRef = 0F3894CF1E78CF730007A4A3 /* __GCDTests.swift */; };
		0F3894DB1E78CF730007A4A3 /* __GCDUITests.swift in Sources */ = {isa = PBXBuildFile; fileRef = 0F3894DA1E78CF730007A4A3 /* __GCDUITests.swift */; };
/* End PBXBuildFile section */

/* Begin PBXContainerItemProxy section */
		0F3894CC1E78CF730007A4A3 /* PBXContainerItemProxy */ = {
			isa = PBXContainerItemProxy;
			containerPortal = 0F3894AF1E78CF730007A4A3 /* Project object */;
			proxyType = 1;
			remoteGlobalIDString = 0F3894B61E78CF730007A4A3;
			remoteInfo = 4.GCD;
		};
		0F3894D71E78CF730007A4A3 /* PBXContainerItemProxy */ = {
			isa = PBXContainerItemProxy;
			containerPortal = 0F3894AF1E78CF730007A4A3 /* Project object */;
			proxyType = 1;
			remoteGlobalIDString = 0F3894B61E78CF730007A4A3;
			remoteInfo = 4.GCD;
		};
/* End PBXContainerItemProxy section */

/* Begin PBXFileReference section */
		0F3894B71E78CF730007A4A3 /* 4.GCD.app */ = {isa = PBXFileReference; explicitFileType = wrapper.application; includeInIndex = 0; path = 4.GCD.app; sourceTree = BUILT_PRODUCTS_DIR; };
		0F3894BA1E78CF730007A4A3 /* AppDelegate.swift */ = {isa = PBXFileReference; lastKnownFileType = sourcecode.swift; path = AppDelegate.swift; sourceTree = "<group>"; };
		0F3894BC1E78CF730007A4A3 /* ViewController.swift */ = {isa = PBXFileReference; lastKnownFileType = sourcecode.swift; path = ViewController.swift; sourceTree = "<group>"; };
		0F3894BF1E78CF730007A4A3 /* Base */ = {isa = PBXFileReference; lastKnownFileType = file.storyboard; name = Base; path = Base.lproj/Main.storyboard; sourceTree = "<group>"; };
		0F3894C11E78CF730007A4A3 /* Assets.xcassets */ = {isa = PBXFileReference; lastKnownFileType = folder.assetcatalog; path = Assets.xcassets; sourceTree = "<group>"; };
		0F3894C41E78CF730007A4A3 /* Base */ = {isa = PBXFileReference; lastKnownFileType = file.storyboard; name = Base; path = Base.lproj/LaunchScreen.storyboard; sourceTree = "<group>"; };
		0F3894C61E78CF730007A4A3 /* Info.plist */ = {isa = PBXFileReference; lastKnownFileType = text.plist.xml; path = Info.plist; sourceTree = "<group>"; };
		0F3894CB1E78CF730007A4A3 /* 4.GCDTests.xctest */ = {isa = PBXFileReference; explicitFileType = wrapper.cfbundle; includeInIndex = 0; path = 4.GCDTests.xctest; sourceTree = BUILT_PRODUCTS_DIR; };
		0F3894CF1E78CF730007A4A3 /* __GCDTests.swift */ = {isa = PBXFileReference; lastKnownFileType = sourcecode.swift; path = __GCDTests.swift; sourceTree = "<group>"; };
		0F3894D11E78CF730007A4A3 /* Info.plist */ = {isa = PBXFileReference; lastKnownFileType = text.plist.xml; path = Info.plist; sourceTree = "<group>"; };
		0F3894D61E78CF730007A4A3 /* 4.GCDUITests.xctest */ = {isa = PBXFileReference; explicitFileType = wrapper.cfbundle; includeInIndex = 0; path = 4.GCDUITests.xctest; sourceTree = BUILT_PRODUCTS_DIR; };
		0F3894DA1E78CF730007A4A3 /* __GCDUITests.swift */ = {isa = PBXFileReference; lastKnownFileType = sourcecode.swift; path = __GCDUITests.swift; sourceTree = "<group>"; };
		0F3894DC1E78CF730007A4A3 /* Info.plist */ = {isa = PBXFileReference; lastKnownFileType = text.plist.xml; path = Info.plist; sourceTree = "<group>"; };
/* End PBXFileReference section */

/* Begin PBXFrameworksBuildPhase section */
		0F3894B41E78CF730007A4A3 /* Frameworks */ = {
			isa = PBXFrameworksBuildPhase;
			buildActionMask = 2147483647;
			files = (
			);
			runOnlyForDeploymentPostprocessing = 0;
		};
		0F3894C81E78CF730007A4A3 /* Frameworks */ = {
			isa = PBXFrameworksBuildPhase;
			buildActionMask = 2147483647;
			files = (
			);
			runOnlyForDeploymentPostprocessing = 0;
		};
		0F3894D31E78CF730007A4A3 /* Frameworks */ = {
			isa = PBXFrameworksBuildPhase;
			buildActionMask = 2147483647;
			files = (
			);
			runOnlyForDeploymentPostprocessing = 0;
		};
/* End PBXFrameworksBuildPhase section */

/* Begin PBXGroup section */
		0F3894AE1E78CF730007A4A3 = {
			isa = PBXGroup;
			children = (
				0F3894B91E78CF730007A4A3 /* 4.GCD */,
				0F3894CE1E78CF730007A4A3 /* 4.GCDTests */,
				0F3894D91E78CF730007A4A3 /* 4.GCDUITests */,
				0F3894B81E78CF730007A4A3 /* Products */,
			);
			sourceTree = "<group>";
		};
		0F3894B81E78CF730007A4A3 /* Products */ = {
			isa = PBXGroup;
			children = (
				0F3894B71E78CF730007A4A3 /* 4.GCD.app */,
				0F3894CB1E78CF730007A4A3 /* 4.GCDTests.xctest */,
				0F3894D61E78CF730007A4A3 /* 4.GCDUITests.xctest */,
			);
			name = Products;
			sourceTree = "<group>";
		};
		0F3894B91E78CF730007A4A3 /* 4.GCD */ = {
			isa = PBXGroup;
			children = (
				0F3894BA1E78CF730007A4A3 /* AppDelegate.swift */,
				0F3894BC1E78CF730007A4A3 /* ViewController.swift */,
				0F3894BE1E78CF730007A4A3 /* Main.storyboard */,
				0F3894C11E78CF730007A4A3 /* Assets.xcassets */,
				0F3894C31E78CF730007A4A3 /* LaunchScreen.storyboard */,
				0F3894C61E78CF730007A4A3 /* Info.plist */,
			);
			path = 4.GCD;
			sourceTree = "<group>";
		};
		0F3894CE1E78CF730007A4A3 /* 4.GCDTests */ = {
			isa = PBXGroup;
			children = (
				0F3894CF1E78CF730007A4A3 /* __GCDTests.swift */,
				0F3894D11E78CF730007A4A3 /* Info.plist */,
			);
			path = 4.GCDTests;
			sourceTree = "<group>";
		};
		0F3894D91E78CF730007A4A3 /* 4.GCDUITests */ = {
			isa = PBXGroup;
			children = (
				0F3894DA1E78CF730007A4A3 /* __GCDUITests.swift */,
				0F3894DC1E78CF730007A4A3 /* Info.plist */,
			);
			path = 4.GCDUITests;
			sourceTree = "<group>";
		};
/* End PBXGroup section */

/* Begin PBXNativeTarget section */
		0F3894B61E78CF730007A4A3 /* 4.GCD */ = {
			isa = PBXNativeTarget;
			buildConfigurationList = 0F3894DF1E78CF730007A4A3 /* Build configuration list for PBXNativeTarget "4.GCD" */;
			buildPhases = (
				0F3894B31E78CF730007A4A3 /* Sources */,
				0F3894B41E78CF730007A4A3 /* Frameworks */,
				0F3894B51E78CF730007A4A3 /* Resources */,
			);
			buildRules = (
			);
			dependencies = (
			);
			name = 4.GCD;
			productName = 4.GCD;
			productReference = 0F3894B71E78CF730007A4A3 /* 4.GCD.app */;
			productType = "com.apple.product-type.application";
		};
		0F3894CA1E78CF730007A4A3 /* 4.GCDTests */ = {
			isa = PBXNativeTarget;
			buildConfigurationList = 0F3894E21E78CF730007A4A3 /* Build configuration list for PBXNativeTarget "4.GCDTests" */;
			buildPhases = (
				0F3894C71E78CF730007A4A3 /* Sources */,
				0F3894C81E78CF730007A4A3 /* Frameworks */,
				0F3894C91E78CF730007A4A3 /* Resources */,
			);
			buildRules = (
			);
			dependencies = (
				0F3894CD1E78CF730007A4A3 /* PBXTargetDependency */,
			);
			name = 4.GCDTests;
			productName = 4.GCDTests;
			productReference = 0F3894CB1E78CF730007A4A3 /* 4.GCDTests.xctest */;
			productType = "com.apple.product-type.bundle.unit-test";
		};
		0F3894D51E78CF730007A4A3 /* 4.GCDUITests */ = {
			isa = PBXNativeTarget;
			buildConfigurationList = 0F3894E51E78CF730007A4A3 /* Build configuration list for PBXNativeTarget "4.GCDUITests" */;
			buildPhases = (
				0F3894D21E78CF730007A4A3 /* Sources */,
				0F3894D31E78CF730007A4A3 /* Frameworks */,
				0F3894D41E78CF730007A4A3 /* Resources */,
			);
			buildRules = (
			);
			dependencies = (
				0F3894D81E78CF730007A4A3 /* PBXTargetDependency */,
			);
			name = 4.GCDUITests;
			productName = 4.GCDUITests;
			productReference = 0F3894D61E78CF730007A4A3 /* 4.GCDUITests.xctest */;
			productType = "com.apple.product-type.bundle.ui-testing";
		};
/* End PBXNativeTarget section */

/* Begin PBXProject section */
		0F3894AF1E78CF730007A4A3 /* Project object */ = {
			isa = PBXProject;
			attributes = {
				LastSwiftUpdateCheck = 0820;
				LastUpgradeCheck = 0820;
				ORGANIZATIONNAME = "Frank-Lee";
				TargetAttributes = {
					0F3894B61E78CF730007A4A3 = {
						CreatedOnToolsVersion = 8.2.1;
						ProvisioningStyle = Automatic;
					};
					0F3894CA1E78CF730007A4A3 = {
						CreatedOnToolsVersion = 8.2.1;
						ProvisioningStyle = Automatic;
						TestTargetID = 0F3894B61E78CF730007A4A3;
					};
					0F3894D51E78CF730007A4A3 = {
						CreatedOnToolsVersion = 8.2.1;
						ProvisioningStyle = Automatic;
						TestTargetID = 0F3894B61E78CF730007A4A3;
					};
				};
			};
			buildConfigurationList = 0F3894B21E78CF730007A4A3 /* Build configuration list for PBXProject "4.GCD" */;
			compatibilityVersion = "Xcode 3.2";
			developmentRegion = English;
			hasScannedForEncodings = 0;
			knownRegions = (
				en,
				Base,
			);
			mainGroup = 0F3894AE1E78CF730007A4A3;
			productRefGroup = 0F3894B81E78CF730007A4A3 /* Products */;
			projectDirPath = "";
			projectRoot = "";
			targets = (
				0F3894B61E78CF730007A4A3 /* 4.GCD */,
				0F3894CA1E78CF730007A4A3 /* 4.GCDTests */,
				0F3894D51E78CF730007A4A3 /* 4.GCDUITests */,
			);
		};
/* End PBXProject section */

/* Begin PBXResourcesBuildPhase section */
		0F3894B51E78CF730007A4A3 /* Resources */ = {
			isa = PBXResourcesBuildPhase;
			buildActionMask = 2147483647;
			files = (
				0F3894C51E78CF730007A4A3 /* LaunchScreen.storyboard in Resources */,
				0F3894C21E78CF730007A4A3 /* Assets.xcassets in Resources */,
				0F3894C01E78CF730007A4A3 /* Main.storyboard in Resources */,
			);
			runOnlyForDeploymentPostprocessing = 0;
		};
		0F3894C91E78CF730007A4A3 /* Resources */ = {
			isa = PBXResourcesBuildPhase;
			buildActionMask = 2147483647;
			files = (
			);
			runOnlyForDeploymentPostprocessing = 0;
		};
		0F3894D41E78CF730007A4A3 /* Resources */ = {
			isa = PBXResourcesBuildPhase;
			buildActionMask = 2147483647;
			files = (
			);
			runOnlyForDeploymentPostprocessing = 0;
		};
/* End PBXResourcesBuildPhase section */

/* Begin PBXSourcesBuildPhase section */
		0F3894B31E78CF730007A4A3 /* Sources */ = {
			isa = PBXSourcesBuildPhase;
			buildActionMask = 2147483647;
			files = (
				0F3894BD1E78CF730007A4A3 /* ViewController.swift in Sources */,
				0F3894BB1E78CF730007A4A3 /* AppDelegate.swift in Sources */,
			);
			runOnlyForDeploymentPostprocessing = 0;
		};
		0F3894C71E78CF730007A4A3 /* Sources */ = {
			isa = PBXSourcesBuildPhase;
			buildActionMask = 2147483647;
			files = (
				0F3894D01E78CF730007A4A3 /* __GCDTests.swift in Sources */,
			);
			runOnlyForDeploymentPostprocessing = 0;
		};
		0F3894D21E78CF730007A4A3 /* Sources */ = {
			isa = PBXSourcesBuildPhase;
			buildActionMask = 2147483647;
			files = (
				0F3894DB1E78CF730007A4A3 /* __GCDUITests.swift in Sources */,
			);
			runOnlyForDeploymentPostprocessing = 0;
		};
/* End PBXSourcesBuildPhase section */

/* Begin PBXTargetDependency section */
		0F3894CD1E78CF730007A4A3 /* PBXTargetDependency */ = {
			isa = PBXTargetDependency;
			target = 0F3894B61E78CF730007A4A3 /* 4.GCD */;
			targetProxy = 0F3894CC1E78CF730007A4A3 /* PBXContainerItemProxy */;
		};
		0F3894D81E78CF730007A4A3 /* PBXTargetDependency */ = {
			isa = PBXTargetDependency;
			target = 0F3894B61E78CF730007A4A3 /* 4.GCD */;
			targetProxy = 0F3894D71E78CF730007A4A3 /* PBXContainerItemProxy */;
		};
/* End PBXTargetDependency section */

/* Begin PBXVariantGroup section */
		0F3894BE1E78CF730007A4A3 /* Main.storyboard */ = {
			isa = PBXVariantGroup;
			children = (
				0F3894BF1E78CF730007A4A3 /* Base */,
			);
			name = Main.storyboard;
			sourceTree = "<group>";
		};
		0F3894C31E78CF730007A4A3 /* LaunchScreen.storyboard */ = {
			isa = PBXVariantGroup;
			children = (
				0F3894C41E78CF730007A4A3 /* Base */,
			);
			name = LaunchScreen.storyboard;
			sourceTree = "<group>";
		};
/* End PBXVariantGroup section */

/* Begin XCBuildConfiguration section */
		0F3894DD1E78CF730007A4A3 /* Debug */ = {
			isa = XCBuildConfiguration;
			buildSettings = {
				ALWAYS_SEARCH_USER_PATHS = NO;
				CLANG_ANALYZER_NONNULL = YES;
				CLANG_CXX_LANGUAGE_STANDARD = "gnu++0x";
				CLANG_CXX_LIBRARY = "libc++";
				CLANG_ENABLE_MODULES = YES;
				CLANG_ENABLE_OBJC_ARC = YES;
				CLANG_WARN_BOOL_CONVERSION = YES;
				CLANG_WARN_CONSTANT_CONVERSION = YES;
				CLANG_WARN_DIRECT_OBJC_ISA_USAGE = YES_ERROR;
				CLANG_WARN_DOCUMENTATION_COMMENTS = YES;
				CLANG_WARN_EMPTY_BODY = YES;
				CLANG_WARN_ENUM_CONVERSION = YES;
				CLANG_WARN_INFINITE_RECURSION = YES;
				CLANG_WARN_INT_CONVERSION = YES;
				CLANG_WARN_OBJC_ROOT_CLASS = YES_ERROR;
				CLANG_WARN_SUSPICIOUS_MOVE = YES;
				CLANG_WARN_UNREACHABLE_CODE = YES;
				CLANG_WARN__DUPLICATE_METHOD_MATCH = YES;
				"CODE_SIGN_IDENTITY[sdk=iphoneos*]" = "iPhone Developer";
				COPY_PHASE_STRIP = NO;
				DEBUG_INFORMATION_FORMAT = dwarf;
				ENABLE_STRICT_OBJC_MSGSEND = YES;
				ENABLE_TESTABILITY = YES;
				GCC_C_LANGUAGE_STANDARD = gnu99;
				GCC_DYNAMIC_NO_PIC = NO;
				GCC_NO_COMMON_BLOCKS = YES;
				GCC_OPTIMIZATION_LEVEL = 0;
				GCC_PREPROCESSOR_DEFINITIONS = (
					"DEBUG=1",
					"$(inherited)",
				);
				GCC_WARN_64_TO_32_BIT_CONVERSION = YES;
				GCC_WARN_ABOUT_RETURN_TYPE = YES_ERROR;
				GCC_WARN_UNDECLARED_SELECTOR = YES;
				GCC_WARN_UNINITIALIZED_AUTOS = YES_AGGRESSIVE;
				GCC_WARN_UNUSED_FUNCTION = YES;
				GCC_WARN_UNUSED_VARIABLE = YES;
				IPHONEOS_DEPLOYMENT_TARGET = 10.2;
				MTL_ENABLE_DEBUG_INFO = YES;
				ONLY_ACTIVE_ARCH = YES;
				SDKROOT = iphoneos;
				SWIFT_ACTIVE_COMPILATION_CONDITIONS = DEBUG;
				SWIFT_OPTIMIZATION_LEVEL = "-Onone";
				TARGETED_DEVICE_FAMILY = "1,2";
			};
			name = Debug;
		};
		0F3894DE1E78CF730007A4A3 /* Release */ = {
			isa = XCBuildConfiguration;
			buildSettings = {
				ALWAYS_SEARCH_USER_PATHS = NO;
				CLANG_ANALYZER_NONNULL = YES;
				CLANG_CXX_LANGUAGE_STANDARD = "gnu++0x";
				CLANG_CXX_LIBRARY = "libc++";
				CLANG_ENABLE_MODULES = YES;
				CLANG_ENABLE_OBJC_ARC = YES;
				CLANG_WARN_BOOL_CONVERSION = YES;
				CLANG_WARN_CONSTANT_CONVERSION = YES;
				CLANG_WARN_DIRECT_OBJC_ISA_USAGE = YES_ERROR;
				CLANG_WARN_DOCUMENTATION_COMMENTS = YES;
				CLANG_WARN_EMPTY_BODY = YES;
				CLANG_WARN_ENUM_CONVERSION = YES;
				CLANG_WARN_INFINITE_RECURSION = YES;
				CLANG_WARN_INT_CONVERSION = YES;
				CLANG_WARN_OBJC_ROOT_CLASS = YES_ERROR;
				CLANG_WARN_SUSPICIOUS_MOVE = YES;
				CLANG_WARN_UNREACHABLE_CODE = YES;
				CLANG_WARN__DUPLICATE_METHOD_MATCH = YES;
				"CODE_SIGN_IDENTITY[sdk=iphoneos*]" = "iPhone Developer";
				COPY_PHASE_STRIP = NO;
				DEBUG_INFORMATION_FORMAT = "dwarf-with-dsym";
				ENABLE_NS_ASSERTIONS = NO;
				ENABLE_STRICT_OBJC_MSGSEND = YES;
				GCC_C_LANGUAGE_STANDARD = gnu99;
				GCC_NO_COMMON_BLOCKS = YES;
				GCC_WARN_64_TO_32_BIT_CONVERSION = YES;
				GCC_WARN_ABOUT_RETURN_TYPE = YES_ERROR;
				GCC_WARN_UNDECLARED_SELECTOR = YES;
				GCC_WARN_UNINITIALIZED_AUTOS = YES_AGGRESSIVE;
				GCC_WARN_UNUSED_FUNCTION = YES;
				GCC_WARN_UNUSED_VARIABLE = YES;
				IPHONEOS_DEPLOYMENT_TARGET = 10.2;
				MTL_ENABLE_DEBUG_INFO = NO;
				SDKROOT = iphoneos;
				SWIFT_OPTIMIZATION_LEVEL = "-Owholemodule";
				TARGETED_DEVICE_FAMILY = "1,2";
				VALIDATE_PRODUCT = YES;
			};
			name = Release;
		};
		0F3894E01E78CF730007A4A3 /* Debug */ = {
			isa = XCBuildConfiguration;
			buildSettings = {
				ASSETCATALOG_COMPILER_APPICON_NAME = AppIcon;
				INFOPLIST_FILE = 4.GCD/Info.plist;
				LD_RUNPATH_SEARCH_PATHS = "$(inherited) @executable_path/Frameworks";
				PRODUCT_BUNDLE_IDENTIFIER = "com.Frank.--GCD";
				PRODUCT_NAME = "$(TARGET_NAME)";
				SWIFT_VERSION = 3.0;
			};
			name = Debug;
		};
		0F3894E11E78CF730007A4A3 /* Release */ = {
			isa = XCBuildConfiguration;
			buildSettings = {
				ASSETCATALOG_COMPILER_APPICON_NAME = AppIcon;
				INFOPLIST_FILE = 4.GCD/Info.plist;
				LD_RUNPATH_SEARCH_PATHS = "$(inherited) @executable_path/Frameworks";
				PRODUCT_BUNDLE_IDENTIFIER = "com.Frank.--GCD";
				PRODUCT_NAME = "$(TARGET_NAME)";
				SWIFT_VERSION = 3.0;
			};
			name = Release;
		};
		0F3894E31E78CF730007A4A3 /* Debug */ = {
			isa = XCBuildConfiguration;
			buildSettings = {
				ALWAYS_EMBED_SWIFT_STANDARD_LIBRARIES = YES;
				BUNDLE_LOADER = "$(TEST_HOST)";
				INFOPLIST_FILE = 4.GCDTests/Info.plist;
				LD_RUNPATH_SEARCH_PATHS = "$(inherited) @executable_path/Frameworks @loader_path/Frameworks";
				PRODUCT_BUNDLE_IDENTIFIER = "com.Frank.--GCDTests";
				PRODUCT_NAME = "$(TARGET_NAME)";
				SWIFT_VERSION = 3.0;
				TEST_HOST = "$(BUILT_PRODUCTS_DIR)/4.GCD.app/4.GCD";
			};
			name = Debug;
		};
		0F3894E41E78CF730007A4A3 /* Release */ = {
			isa = XCBuildConfiguration;
			buildSettings = {
				ALWAYS_EMBED_SWIFT_STANDARD_LIBRARIES = YES;
				BUNDLE_LOADER = "$(TEST_HOST)";
				INFOPLIST_FILE = 4.GCDTests/Info.plist;
				LD_RUNPATH_SEARCH_PATHS = "$(inherited) @executable_path/Frameworks @loader_path/Frameworks";
				PRODUCT_BUNDLE_IDENTIFIER = "com.Frank.--GCDTests";
				PRODUCT_NAME = "$(TARGET_NAME)";
				SWIFT_VERSION = 3.0;
				TEST_HOST = "$(BUILT_PRODUCTS_DIR)/4.GCD.app/4.GCD";
			};
			name = Release;
		};
		0F3894E61E78CF730007A4A3 /* Debug */ = {
			isa = XCBuildConfiguration;
			buildSettings = {
				ALWAYS_EMBED_SWIFT_STANDARD_LIBRARIES = YES;
				INFOPLIST_FILE = 4.GCDUITests/Info.plist;
				LD_RUNPATH_SEARCH_PATHS = "$(inherited) @executable_path/Frameworks @loader_path/Frameworks";
				PRODUCT_BUNDLE_IDENTIFIER = "com.Frank.--GCDUITests";
				PRODUCT_NAME = "$(TARGET_NAME)";
				SWIFT_VERSION = 3.0;
				TEST_TARGET_NAME = 4.GCD;
			};
			name = Debug;
		};
		0F3894E71E78CF730007A4A3 /* Release */ = {
			isa = XCBuildConfiguration;
			buildSettings = {
				ALWAYS_EMBED_SWIFT_STANDARD_LIBRARIES = YES;
				INFOPLIST_FILE = 4.GCDUITests/Info.plist;
				LD_RUNPATH_SEARCH_PATHS = "$(inherited) @executable_path/Frameworks @loader_path/Frameworks";
				PRODUCT_BUNDLE_IDENTIFIER = "com.Frank.--GCDUITests";
				PRODUCT_NAME = "$(TARGET_NAME)";
				SWIFT_VERSION = 3.0;
				TEST_TARGET_NAME = 4.GCD;
			};
			name = Release;
		};
/* End XCBuildConfiguration section */

/* Begin XCConfigurationList section */
		0F3894B21E78CF730007A4A3 /* Build configuration list for PBXProject "4.GCD" */ = {
			isa = XCConfigurationList;
			buildConfigurations = (
				0F3894DD1E78CF730007A4A3 /* Debug */,
				0F3894DE1E78CF730007A4A3 /* Release */,
			);
			defaultConfigurationIsVisible = 0;
			defaultConfigurationName = Release;
		};
		0F3894DF1E78CF730007A4A3 /* Build configuration list for PBXNativeTarget "4.GCD" */ = {
			isa = XCConfigurationList;
			buildConfigurations = (
				0F3894E01E78CF730007A4A3 /* Debug */,
				0F3894E11E78CF730007A4A3 /* Release */,
			);
			defaultConfigurationIsVisible = 0;
		};
		0F3894E21E78CF730007A4A3 /* Build configuration list for PBXNativeTarget "4.GCDTests" */ = {
			isa = XCConfigurationList;
			buildConfigurations = (
				0F3894E31E78CF730007A4A3 /* Debug */,
				0F3894E41E78CF730007A4A3 /* Release */,
			);
			defaultConfigurationIsVisible = 0;
		};
		0F3894E51E78CF730007A4A3 /* Build configuration list for PBXNativeTarget "4.GCDUITests" */ = {
			isa = XCConfigurationList;
			buildConfigurations = (
				0F3894E61E78CF730007A4A3 /* Debug */,
				0F3894E71E78CF730007A4A3 /* Release */,
			);
			defaultConfigurationIsVisible = 0;
		};
/* End XCConfigurationList section */
	};
	rootObject = 0F3894AF1E78CF730007A4A3 /* Project object */;
}
