// !$*UTF8*$!
{
	archiveVersion = 1;
	classes = {
	};
	objectVersion = 46;
	objects = {

/* Begin PBXBuildFile section */
		0F957C5B1E713DDE00C0D6D8 /* AppDelegate.swift in Sources */ = {isa = PBXBuildFile; fileRef = 0F957C5A1E713DDE00C0D6D8 /* AppDelegate.swift */; };
		0F957C5D1E713DDE00C0D6D8 /* ViewController.swift in Sources */ = {isa = PBXBuildFile; fileRef = 0F957C5C1E713DDE00C0D6D8 /* ViewController.swift */; };
		0F957C601E713DDE00C0D6D8 /* Main.storyboard in Resources */ = {isa = PBXBuildFile; fileRef = 0F957C5E1E713DDE00C0D6D8 /* Main.storyboard */; };
		0F957C621E713DDE00C0D6D8 /* Assets.xcassets in Resources */ = {isa = PBXBuildFile; fileRef = 0F957C611E713DDE00C0D6D8 /* Assets.xcassets */; };
		0F957C651E713DDE00C0D6D8 /* LaunchScreen.storyboard in Resources */ = {isa = PBXBuildFile; fileRef = 0F957C631E713DDE00C0D6D8 /* LaunchScreen.storyboard */; };
		0F957C701E713DDE00C0D6D8 /* _____Tests.swift in Sources */ = {isa = PBXBuildFile; fileRef = 0F957C6F1E713DDE00C0D6D8 /* _____Tests.swift */; };
		0F957C7B1E713DDF00C0D6D8 /* _____UITests.swift in Sources */ = {isa = PBXBuildFile; fileRef = 0F957C7A1E713DDF00C0D6D8 /* _____UITests.swift */; };
/* End PBXBuildFile section */

/* Begin PBXContainerItemProxy section */
		0F957C6C1E713DDE00C0D6D8 /* PBXContainerItemProxy */ = {
			isa = PBXContainerItemProxy;
			containerPortal = 0F957C4F1E713DDE00C0D6D8 /* Project object */;
			proxyType = 1;
			remoteGlobalIDString = 0F957C561E713DDE00C0D6D8;
			remoteInfo = "4.可选项";
		};
		0F957C771E713DDF00C0D6D8 /* PBXContainerItemProxy */ = {
			isa = PBXContainerItemProxy;
			containerPortal = 0F957C4F1E713DDE00C0D6D8 /* Project object */;
			proxyType = 1;
			remoteGlobalIDString = 0F957C561E713DDE00C0D6D8;
			remoteInfo = "4.可选项";
		};
/* End PBXContainerItemProxy section */

/* Begin PBXFileReference section */
		0F957C571E713DDE00C0D6D8 /* 4.可选项.app */ = {isa = PBXFileReference; explicitFileType = wrapper.application; includeInIndex = 0; path = "4.可选项.app"; sourceTree = BUILT_PRODUCTS_DIR; };
		0F957C5A1E713DDE00C0D6D8 /* AppDelegate.swift */ = {isa = PBXFileReference; lastKnownFileType = sourcecode.swift; path = AppDelegate.swift; sourceTree = "<group>"; };
		0F957C5C1E713DDE00C0D6D8 /* ViewController.swift */ = {isa = PBXFileReference; lastKnownFileType = sourcecode.swift; path = ViewController.swift; sourceTree = "<group>"; };
		0F957C5F1E713DDE00C0D6D8 /* Base */ = {isa = PBXFileReference; lastKnownFileType = file.storyboard; name = Base; path = Base.lproj/Main.storyboard; sourceTree = "<group>"; };
		0F957C611E713DDE00C0D6D8 /* Assets.xcassets */ = {isa = PBXFileReference; lastKnownFileType = folder.assetcatalog; path = Assets.xcassets; sourceTree = "<group>"; };
		0F957C641E713DDE00C0D6D8 /* Base */ = {isa = PBXFileReference; lastKnownFileType = file.storyboard; name = Base; path = Base.lproj/LaunchScreen.storyboard; sourceTree = "<group>"; };
		0F957C661E713DDE00C0D6D8 /* Info.plist */ = {isa = PBXFileReference; lastKnownFileType = text.plist.xml; path = Info.plist; sourceTree = "<group>"; };
		0F957C6B1E713DDE00C0D6D8 /* 4.可选项Tests.xctest */ = {isa = PBXFileReference; explicitFileType = wrapper.cfbundle; includeInIndex = 0; path = "4.可选项Tests.xctest"; sourceTree = BUILT_PRODUCTS_DIR; };
		0F957C6F1E713DDE00C0D6D8 /* _____Tests.swift */ = {isa = PBXFileReference; lastKnownFileType = sourcecode.swift; path = "_____Tests.swift"; sourceTree = "<group>"; };
		0F957C711E713DDF00C0D6D8 /* Info.plist */ = {isa = PBXFileReference; lastKnownFileType = text.plist.xml; path = Info.plist; sourceTree = "<group>"; };
		0F957C761E713DDF00C0D6D8 /* 4.可选项UITests.xctest */ = {isa = PBXFileReference; explicitFileType = wrapper.cfbundle; includeInIndex = 0; path = "4.可选项UITests.xctest"; sourceTree = BUILT_PRODUCTS_DIR; };
		0F957C7A1E713DDF00C0D6D8 /* _____UITests.swift */ = {isa = PBXFileReference; lastKnownFileType = sourcecode.swift; path = "_____UITests.swift"; sourceTree = "<group>"; };
		0F957C7C1E713DDF00C0D6D8 /* Info.plist */ = {isa = PBXFileReference; lastKnownFileType = text.plist.xml; path = Info.plist; sourceTree = "<group>"; };
/* End PBXFileReference section */

/* Begin PBXFrameworksBuildPhase section */
		0F957C541E713DDE00C0D6D8 /* Frameworks */ = {
			isa = PBXFrameworksBuildPhase;
			buildActionMask = 2147483647;
			files = (
			);
			runOnlyForDeploymentPostprocessing = 0;
		};
		0F957C681E713DDE00C0D6D8 /* Frameworks */ = {
			isa = PBXFrameworksBuildPhase;
			buildActionMask = 2147483647;
			files = (
			);
			runOnlyForDeploymentPostprocessing = 0;
		};
		0F957C731E713DDF00C0D6D8 /* Frameworks */ = {
			isa = PBXFrameworksBuildPhase;
			buildActionMask = 2147483647;
			files = (
			);
			runOnlyForDeploymentPostprocessing = 0;
		};
/* End PBXFrameworksBuildPhase section */

/* Begin PBXGroup section */
		0F957C4E1E713DDE00C0D6D8 = {
			isa = PBXGroup;
			children = (
				0F957C591E713DDE00C0D6D8 /* 4.可选项 */,
				0F957C6E1E713DDE00C0D6D8 /* 4.可选项Tests */,
				0F957C791E713DDF00C0D6D8 /* 4.可选项UITests */,
				0F957C581E713DDE00C0D6D8 /* Products */,
			);
			sourceTree = "<group>";
		};
		0F957C581E713DDE00C0D6D8 /* Products */ = {
			isa = PBXGroup;
			children = (
				0F957C571E713DDE00C0D6D8 /* 4.可选项.app */,
				0F957C6B1E713DDE00C0D6D8 /* 4.可选项Tests.xctest */,
				0F957C761E713DDF00C0D6D8 /* 4.可选项UITests.xctest */,
			);
			name = Products;
			sourceTree = "<group>";
		};
		0F957C591E713DDE00C0D6D8 /* 4.可选项 */ = {
			isa = PBXGroup;
			children = (
				0F957C5A1E713DDE00C0D6D8 /* AppDelegate.swift */,
				0F957C5C1E713DDE00C0D6D8 /* ViewController.swift */,
				0F957C5E1E713DDE00C0D6D8 /* Main.storyboard */,
				0F957C611E713DDE00C0D6D8 /* Assets.xcassets */,
				0F957C631E713DDE00C0D6D8 /* LaunchScreen.storyboard */,
				0F957C661E713DDE00C0D6D8 /* Info.plist */,
			);
			path = "4.可选项";
			sourceTree = "<group>";
		};
		0F957C6E1E713DDE00C0D6D8 /* 4.可选项Tests */ = {
			isa = PBXGroup;
			children = (
				0F957C6F1E713DDE00C0D6D8 /* _____Tests.swift */,
				0F957C711E713DDF00C0D6D8 /* Info.plist */,
			);
			path = "4.可选项Tests";
			sourceTree = "<group>";
		};
		0F957C791E713DDF00C0D6D8 /* 4.可选项UITests */ = {
			isa = PBXGroup;
			children = (
				0F957C7A1E713DDF00C0D6D8 /* _____UITests.swift */,
				0F957C7C1E713DDF00C0D6D8 /* Info.plist */,
			);
			path = "4.可选项UITests";
			sourceTree = "<group>";
		};
/* End PBXGroup section */

/* Begin PBXNativeTarget section */
		0F957C561E713DDE00C0D6D8 /* 4.可选项 */ = {
			isa = PBXNativeTarget;
			buildConfigurationList = 0F957C7F1E713DDF00C0D6D8 /* Build configuration list for PBXNativeTarget "4.可选项" */;
			buildPhases = (
				0F957C531E713DDE00C0D6D8 /* Sources */,
				0F957C541E713DDE00C0D6D8 /* Frameworks */,
				0F957C551E713DDE00C0D6D8 /* Resources */,
			);
			buildRules = (
			);
			dependencies = (
			);
			name = "4.可选项";
			productName = "4.可选项";
			productReference = 0F957C571E713DDE00C0D6D8 /* 4.可选项.app */;
			productType = "com.apple.product-type.application";
		};
		0F957C6A1E713DDE00C0D6D8 /* 4.可选项Tests */ = {
			isa = PBXNativeTarget;
			buildConfigurationList = 0F957C821E713DDF00C0D6D8 /* Build configuration list for PBXNativeTarget "4.可选项Tests" */;
			buildPhases = (
				0F957C671E713DDE00C0D6D8 /* Sources */,
				0F957C681E713DDE00C0D6D8 /* Frameworks */,
				0F957C691E713DDE00C0D6D8 /* Resources */,
			);
			buildRules = (
			);
			dependencies = (
				0F957C6D1E713DDE00C0D6D8 /* PBXTargetDependency */,
			);
			name = "4.可选项Tests";
			productName = "4.可选项Tests";
			productReference = 0F957C6B1E713DDE00C0D6D8 /* 4.可选项Tests.xctest */;
			productType = "com.apple.product-type.bundle.unit-test";
		};
		0F957C751E713DDF00C0D6D8 /* 4.可选项UITests */ = {
			isa = PBXNativeTarget;
			buildConfigurationList = 0F957C851E713DDF00C0D6D8 /* Build configuration list for PBXNativeTarget "4.可选项UITests" */;
			buildPhases = (
				0F957C721E713DDF00C0D6D8 /* Sources */,
				0F957C731E713DDF00C0D6D8 /* Frameworks */,
				0F957C741E713DDF00C0D6D8 /* Resources */,
			);
			buildRules = (
			);
			dependencies = (
				0F957C781E713DDF00C0D6D8 /* PBXTargetDependency */,
			);
			name = "4.可选项UITests";
			productName = "4.可选项UITests";
			productReference = 0F957C761E713DDF00C0D6D8 /* 4.可选项UITests.xctest */;
			productType = "com.apple.product-type.bundle.ui-testing";
		};
/* End PBXNativeTarget section */

/* Begin PBXProject section */
		0F957C4F1E713DDE00C0D6D8 /* Project object */ = {
			isa = PBXProject;
			attributes = {
				LastSwiftUpdateCheck = 0820;
				LastUpgradeCheck = 0820;
				ORGANIZATIONNAME = "Frank-Lee";
				TargetAttributes = {
					0F957C561E713DDE00C0D6D8 = {
						CreatedOnToolsVersion = 8.2.1;
						ProvisioningStyle = Automatic;
					};
					0F957C6A1E713DDE00C0D6D8 = {
						CreatedOnToolsVersion = 8.2.1;
						ProvisioningStyle = Automatic;
						TestTargetID = 0F957C561E713DDE00C0D6D8;
					};
					0F957C751E713DDF00C0D6D8 = {
						CreatedOnToolsVersion = 8.2.1;
						ProvisioningStyle = Automatic;
						TestTargetID = 0F957C561E713DDE00C0D6D8;
					};
				};
			};
			buildConfigurationList = 0F957C521E713DDE00C0D6D8 /* Build configuration list for PBXProject "4.可选项" */;
			compatibilityVersion = "Xcode 3.2";
			developmentRegion = English;
			hasScannedForEncodings = 0;
			knownRegions = (
				en,
				Base,
			);
			mainGroup = 0F957C4E1E713DDE00C0D6D8;
			productRefGroup = 0F957C581E713DDE00C0D6D8 /* Products */;
			projectDirPath = "";
			projectRoot = "";
			targets = (
				0F957C561E713DDE00C0D6D8 /* 4.可选项 */,
				0F957C6A1E713DDE00C0D6D8 /* 4.可选项Tests */,
				0F957C751E713DDF00C0D6D8 /* 4.可选项UITests */,
			);
		};
/* End PBXProject section */

/* Begin PBXResourcesBuildPhase section */
		0F957C551E713DDE00C0D6D8 /* Resources */ = {
			isa = PBXResourcesBuildPhase;
			buildActionMask = 2147483647;
			files = (
				0F957C651E713DDE00C0D6D8 /* LaunchScreen.storyboard in Resources */,
				0F957C621E713DDE00C0D6D8 /* Assets.xcassets in Resources */,
				0F957C601E713DDE00C0D6D8 /* Main.storyboard in Resources */,
			);
			runOnlyForDeploymentPostprocessing = 0;
		};
		0F957C691E713DDE00C0D6D8 /* Resources */ = {
			isa = PBXResourcesBuildPhase;
			buildActionMask = 2147483647;
			files = (
			);
			runOnlyForDeploymentPostprocessing = 0;
		};
		0F957C741E713DDF00C0D6D8 /* Resources */ = {
			isa = PBXResourcesBuildPhase;
			buildActionMask = 2147483647;
			files = (
			);
			runOnlyForDeploymentPostprocessing = 0;
		};
/* End PBXResourcesBuildPhase section */

/* Begin PBXSourcesBuildPhase section */
		0F957C531E713DDE00C0D6D8 /* Sources */ = {
			isa = PBXSourcesBuildPhase;
			buildActionMask = 2147483647;
			files = (
				0F957C5D1E713DDE00C0D6D8 /* ViewController.swift in Sources */,
				0F957C5B1E713DDE00C0D6D8 /* AppDelegate.swift in Sources */,
			);
			runOnlyForDeploymentPostprocessing = 0;
		};
		0F957C671E713DDE00C0D6D8 /* Sources */ = {
			isa = PBXSourcesBuildPhase;
			buildActionMask = 2147483647;
			files = (
				0F957C701E713DDE00C0D6D8 /* _____Tests.swift in Sources */,
			);
			runOnlyForDeploymentPostprocessing = 0;
		};
		0F957C721E713DDF00C0D6D8 /* Sources */ = {
			isa = PBXSourcesBuildPhase;
			buildActionMask = 2147483647;
			files = (
				0F957C7B1E713DDF00C0D6D8 /* _____UITests.swift in Sources */,
			);
			runOnlyForDeploymentPostprocessing = 0;
		};
/* End PBXSourcesBuildPhase section */

/* Begin PBXTargetDependency section */
		0F957C6D1E713DDE00C0D6D8 /* PBXTargetDependency */ = {
			isa = PBXTargetDependency;
			target = 0F957C561E713DDE00C0D6D8 /* 4.可选项 */;
			targetProxy = 0F957C6C1E713DDE00C0D6D8 /* PBXContainerItemProxy */;
		};
		0F957C781E713DDF00C0D6D8 /* PBXTargetDependency */ = {
			isa = PBXTargetDependency;
			target = 0F957C561E713DDE00C0D6D8 /* 4.可选项 */;
			targetProxy = 0F957C771E713DDF00C0D6D8 /* PBXContainerItemProxy */;
		};
/* End PBXTargetDependency section */

/* Begin PBXVariantGroup section */
		0F957C5E1E713DDE00C0D6D8 /* Main.storyboard */ = {
			isa = PBXVariantGroup;
			children = (
				0F957C5F1E713DDE00C0D6D8 /* Base */,
			);
			name = Main.storyboard;
			sourceTree = "<group>";
		};
		0F957C631E713DDE00C0D6D8 /* LaunchScreen.storyboard */ = {
			isa = PBXVariantGroup;
			children = (
				0F957C641E713DDE00C0D6D8 /* Base */,
			);
			name = LaunchScreen.storyboard;
			sourceTree = "<group>";
		};
/* End PBXVariantGroup section */

/* Begin XCBuildConfiguration section */
		0F957C7D1E713DDF00C0D6D8 /* Debug */ = {
			isa = XCBuildConfiguration;
			buildSettings = {
				ALWAYS_SEARCH_USER_PATHS = NO;
				CLANG_ANALYZER_NONNULL = YES;
				CLANG_CXX_LANGUAGE_STANDARD = "gnu++0x";
				CLANG_CXX_LIBRARY = "libc++";
				CLANG_ENABLE_MODULES = YES;
				CLANG_ENABLE_OBJC_ARC = YES;
				CLANG_WARN_BOOL_CONVERSION = YES;
				CLANG_WARN_CONSTANT_CONVERSION = YES;
				CLANG_WARN_DIRECT_OBJC_ISA_USAGE = YES_ERROR;
				CLANG_WARN_DOCUMENTATION_COMMENTS = YES;
				CLANG_WARN_EMPTY_BODY = YES;
				CLANG_WARN_ENUM_CONVERSION = YES;
				CLANG_WARN_INFINITE_RECURSION = YES;
				CLANG_WARN_INT_CONVERSION = YES;
				CLANG_WARN_OBJC_ROOT_CLASS = YES_ERROR;
				CLANG_WARN_SUSPICIOUS_MOVE = YES;
				CLANG_WARN_UNREACHABLE_CODE = YES;
				CLANG_WARN__DUPLICATE_METHOD_MATCH = YES;
				"CODE_SIGN_IDENTITY[sdk=iphoneos*]" = "iPhone Developer";
				COPY_PHASE_STRIP = NO;
				DEBUG_INFORMATION_FORMAT = dwarf;
				ENABLE_STRICT_OBJC_MSGSEND = YES;
				ENABLE_TESTABILITY = YES;
				GCC_C_LANGUAGE_STANDARD = gnu99;
				GCC_DYNAMIC_NO_PIC = NO;
				GCC_NO_COMMON_BLOCKS = YES;
				GCC_OPTIMIZATION_LEVEL = 0;
				GCC_PREPROCESSOR_DEFINITIONS = (
					"DEBUG=1",
					"$(inherited)",
				);
				GCC_WARN_64_TO_32_BIT_CONVERSION = YES;
				GCC_WARN_ABOUT_RETURN_TYPE = YES_ERROR;
				GCC_WARN_UNDECLARED_SELECTOR = YES;
				GCC_WARN_UNINITIALIZED_AUTOS = YES_AGGRESSIVE;
				GCC_WARN_UNUSED_FUNCTION = YES;
				GCC_WARN_UNUSED_VARIABLE = YES;
				IPHONEOS_DEPLOYMENT_TARGET = 10.2;
				MTL_ENABLE_DEBUG_INFO = YES;
				ONLY_ACTIVE_ARCH = YES;
				SDKROOT = iphoneos;
				SWIFT_ACTIVE_COMPILATION_CONDITIONS = DEBUG;
				SWIFT_OPTIMIZATION_LEVEL = "-Onone";
				TARGETED_DEVICE_FAMILY = "1,2";
			};
			name = Debug;
		};
		0F957C7E1E713DDF00C0D6D8 /* Release */ = {
			isa = XCBuildConfiguration;
			buildSettings = {
				ALWAYS_SEARCH_USER_PATHS = NO;
				CLANG_ANALYZER_NONNULL = YES;
				CLANG_CXX_LANGUAGE_STANDARD = "gnu++0x";
				CLANG_CXX_LIBRARY = "libc++";
				CLANG_ENABLE_MODULES = YES;
				CLANG_ENABLE_OBJC_ARC = YES;
				CLANG_WARN_BOOL_CONVERSION = YES;
				CLANG_WARN_CONSTANT_CONVERSION = YES;
				CLANG_WARN_DIRECT_OBJC_ISA_USAGE = YES_ERROR;
				CLANG_WARN_DOCUMENTATION_COMMENTS = YES;
				CLANG_WARN_EMPTY_BODY = YES;
				CLANG_WARN_ENUM_CONVERSION = YES;
				CLANG_WARN_INFINITE_RECURSION = YES;
				CLANG_WARN_INT_CONVERSION = YES;
				CLANG_WARN_OBJC_ROOT_CLASS = YES_ERROR;
				CLANG_WARN_SUSPICIOUS_MOVE = YES;
				CLANG_WARN_UNREACHABLE_CODE = YES;
				CLANG_WARN__DUPLICATE_METHOD_MATCH = YES;
				"CODE_SIGN_IDENTITY[sdk=iphoneos*]" = "iPhone Developer";
				COPY_PHASE_STRIP = NO;
				DEBUG_INFORMATION_FORMAT = "dwarf-with-dsym";
				ENABLE_NS_ASSERTIONS = NO;
				ENABLE_STRICT_OBJC_MSGSEND = YES;
				GCC_C_LANGUAGE_STANDARD = gnu99;
				GCC_NO_COMMON_BLOCKS = YES;
				GCC_WARN_64_TO_32_BIT_CONVERSION = YES;
				GCC_WARN_ABOUT_RETURN_TYPE = YES_ERROR;
				GCC_WARN_UNDECLARED_SELECTOR = YES;
				GCC_WARN_UNINITIALIZED_AUTOS = YES_AGGRESSIVE;
				GCC_WARN_UNUSED_FUNCTION = YES;
				GCC_WARN_UNUSED_VARIABLE = YES;
				IPHONEOS_DEPLOYMENT_TARGET = 10.2;
				MTL_ENABLE_DEBUG_INFO = NO;
				SDKROOT = iphoneos;
				SWIFT_OPTIMIZATION_LEVEL = "-Owholemodule";
				TARGETED_DEVICE_FAMILY = "1,2";
				VALIDATE_PRODUCT = YES;
			};
			name = Release;
		};
		0F957C801E713DDF00C0D6D8 /* Debug */ = {
			isa = XCBuildConfiguration;
			buildSettings = {
				ASSETCATALOG_COMPILER_APPICON_NAME = AppIcon;
				INFOPLIST_FILE = "4.可选项/Info.plist";
				LD_RUNPATH_SEARCH_PATHS = "$(inherited) @executable_path/Frameworks";
				PRODUCT_BUNDLE_IDENTIFIER = "com.Frank.-----";
				PRODUCT_NAME = "$(TARGET_NAME)";
				SWIFT_VERSION = 3.0;
			};
			name = Debug;
		};
		0F957C811E713DDF00C0D6D8 /* Release */ = {
			isa = XCBuildConfiguration;
			buildSettings = {
				ASSETCATALOG_COMPILER_APPICON_NAME = AppIcon;
				INFOPLIST_FILE = "4.可选项/Info.plist";
				LD_RUNPATH_SEARCH_PATHS = "$(inherited) @executable_path/Frameworks";
				PRODUCT_BUNDLE_IDENTIFIER = "com.Frank.-----";
				PRODUCT_NAME = "$(TARGET_NAME)";
				SWIFT_VERSION = 3.0;
			};
			name = Release;
		};
		0F957C831E713DDF00C0D6D8 /* Debug */ = {
			isa = XCBuildConfiguration;
			buildSettings = {
				ALWAYS_EMBED_SWIFT_STANDARD_LIBRARIES = YES;
				BUNDLE_LOADER = "$(TEST_HOST)";
				INFOPLIST_FILE = "4.可选项Tests/Info.plist";
				LD_RUNPATH_SEARCH_PATHS = "$(inherited) @executable_path/Frameworks @loader_path/Frameworks";
				PRODUCT_BUNDLE_IDENTIFIER = "com.Frank.-----Tests";
				PRODUCT_NAME = "$(TARGET_NAME)";
				SWIFT_VERSION = 3.0;
				TEST_HOST = "$(BUILT_PRODUCTS_DIR)/4.可选项.app/4.可选项";
			};
			name = Debug;
		};
		0F957C841E713DDF00C0D6D8 /* Release */ = {
			isa = XCBuildConfiguration;
			buildSettings = {
				ALWAYS_EMBED_SWIFT_STANDARD_LIBRARIES = YES;
				BUNDLE_LOADER = "$(TEST_HOST)";
				INFOPLIST_FILE = "4.可选项Tests/Info.plist";
				LD_RUNPATH_SEARCH_PATHS = "$(inherited) @executable_path/Frameworks @loader_path/Frameworks";
				PRODUCT_BUNDLE_IDENTIFIER = "com.Frank.-----Tests";
				PRODUCT_NAME = "$(TARGET_NAME)";
				SWIFT_VERSION = 3.0;
				TEST_HOST = "$(BUILT_PRODUCTS_DIR)/4.可选项.app/4.可选项";
			};
			name = Release;
		};
		0F957C861E713DDF00C0D6D8 /* Debug */ = {
			isa = XCBuildConfiguration;
			buildSettings = {
				ALWAYS_EMBED_SWIFT_STANDARD_LIBRARIES = YES;
				INFOPLIST_FILE = "4.可选项UITests/Info.plist";
				LD_RUNPATH_SEARCH_PATHS = "$(inherited) @executable_path/Frameworks @loader_path/Frameworks";
				PRODUCT_BUNDLE_IDENTIFIER = "com.Frank.-----UITests";
				PRODUCT_NAME = "$(TARGET_NAME)";
				SWIFT_VERSION = 3.0;
				TEST_TARGET_NAME = "4.可选项";
			};
			name = Debug;
		};
		0F957C871E713DDF00C0D6D8 /* Release */ = {
			isa = XCBuildConfiguration;
			buildSettings = {
				ALWAYS_EMBED_SWIFT_STANDARD_LIBRARIES = YES;
				INFOPLIST_FILE = "4.可选项UITests/Info.plist";
				LD_RUNPATH_SEARCH_PATHS = "$(inherited) @executable_path/Frameworks @loader_path/Frameworks";
				PRODUCT_BUNDLE_IDENTIFIER = "com.Frank.-----UITests";
				PRODUCT_NAME = "$(TARGET_NAME)";
				SWIFT_VERSION = 3.0;
				TEST_TARGET_NAME = "4.可选项";
			};
			name = Release;
		};
/* End XCBuildConfiguration section */

/* Begin XCConfigurationList section */
		0F957C521E713DDE00C0D6D8 /* Build configuration list for PBXProject "4.可选项" */ = {
			isa = XCConfigurationList;
			buildConfigurations = (
				0F957C7D1E713DDF00C0D6D8 /* Debug */,
				0F957C7E1E713DDF00C0D6D8 /* Release */,
			);
			defaultConfigurationIsVisible = 0;
			defaultConfigurationName = Release;
		};
		0F957C7F1E713DDF00C0D6D8 /* Build configuration list for PBXNativeTarget "4.可选项" */ = {
			isa = XCConfigurationList;
			buildConfigurations = (
				0F957C801E713DDF00C0D6D8 /* Debug */,
				0F957C811E713DDF00C0D6D8 /* Release */,
			);
			defaultConfigurationIsVisible = 0;
		};
		0F957C821E713DDF00C0D6D8 /* Build configuration list for PBXNativeTarget "4.可选项Tests" */ = {
			isa = XCConfigurationList;
			buildConfigurations = (
				0F957C831E713DDF00C0D6D8 /* Debug */,
				0F957C841E713DDF00C0D6D8 /* Release */,
			);
			defaultConfigurationIsVisible = 0;
		};
		0F957C851E713DDF00C0D6D8 /* Build configuration list for PBXNativeTarget "4.可选项UITests" */ = {
			isa = XCConfigurationList;
			buildConfigurations = (
				0F957C861E713DDF00C0D6D8 /* Debug */,
				0F957C871E713DDF00C0D6D8 /* Release */,
			);
			defaultConfigurationIsVisible = 0;
		};
/* End XCConfigurationList section */
	};
	rootObject = 0F957C4F1E713DDE00C0D6D8 /* Project object */;
}
